// !$*UTF8*$!
{
	archiveVersion = 1;
	classes = {
	};
	objectVersion = 46;
	objects = {

/* Begin PBXBuildFile section */
		C5AB13AE1EBA94011A3485E2 /* libPods-twitter.a in Frameworks */ = {isa = PBXBuildFile; fileRef = E79E931ED3C1FD5A14FE73B5 /* libPods-twitter.a */; };
		EB4AAF701B404B55001BA986 /* main.m in Sources */ = {isa = PBXBuildFile; fileRef = EB4AAF6F1B404B55001BA986 /* main.m */; };
		EB4AAF731B404B55001BA986 /* AppDelegate.m in Sources */ = {isa = PBXBuildFile; fileRef = EB4AAF721B404B55001BA986 /* AppDelegate.m */; };
		EB4AAF761B404B55001BA986 /* twitter.xcdatamodeld in Sources */ = {isa = PBXBuildFile; fileRef = EB4AAF741B404B55001BA986 /* twitter.xcdatamodeld */; };
		EB4AAF7E1B404B55001BA986 /* Images.xcassets in Resources */ = {isa = PBXBuildFile; fileRef = EB4AAF7D1B404B55001BA986 /* Images.xcassets */; };
		EB4AAF811B404B55001BA986 /* LaunchScreen.xib in Resources */ = {isa = PBXBuildFile; fileRef = EB4AAF7F1B404B55001BA986 /* LaunchScreen.xib */; };
		EB4AAF8D1B404B55001BA986 /* twitterTests.m in Sources */ = {isa = PBXBuildFile; fileRef = EB4AAF8C1B404B55001BA986 /* twitterTests.m */; };
		EB4AAF991B405343001BA986 /* LoginViewController.m in Sources */ = {isa = PBXBuildFile; fileRef = EB4AAF971B405343001BA986 /* LoginViewController.m */; };
		EB4AAF9A1B405343001BA986 /* LoginViewController.xib in Resources */ = {isa = PBXBuildFile; fileRef = EB4AAF981B405343001BA986 /* LoginViewController.xib */; };
		EB4AAF9D1B4054A5001BA986 /* TwitterClient.m in Sources */ = {isa = PBXBuildFile; fileRef = EB4AAF9C1B4054A5001BA986 /* TwitterClient.m */; };
		EB4AAFA11B411235001BA986 /* Tweet.m in Sources */ = {isa = PBXBuildFile; fileRef = EB4AAFA01B411235001BA986 /* Tweet.m */; };
		EB4AAFA41B411245001BA986 /* User.m in Sources */ = {isa = PBXBuildFile; fileRef = EB4AAFA31B411245001BA986 /* User.m */; };
		EB4AAFA81B417375001BA986 /* TweetsViewController.m in Sources */ = {isa = PBXBuildFile; fileRef = EB4AAFA61B417375001BA986 /* TweetsViewController.m */; };
		EB4AAFA91B417375001BA986 /* TweetsViewController.xib in Resources */ = {isa = PBXBuildFile; fileRef = EB4AAFA71B417375001BA986 /* TweetsViewController.xib */; };
		EB4AAFAD1B41D076001BA986 /* TweetsTableViewCell.m in Sources */ = {isa = PBXBuildFile; fileRef = EB4AAFAB1B41D076001BA986 /* TweetsTableViewCell.m */; };
		EB4AAFAE1B41D076001BA986 /* TweetsTableViewCell.xib in Resources */ = {isa = PBXBuildFile; fileRef = EB4AAFAC1B41D076001BA986 /* TweetsTableViewCell.xib */; };
		EBA34A971B42E0AB0002A6F5 /* favorite.png in Resources */ = {isa = PBXBuildFile; fileRef = EBA34A961B42E0AB0002A6F5 /* favorite.png */; };
		EBA34A991B42E0B50002A6F5 /* reply.png in Resources */ = {isa = PBXBuildFile; fileRef = EBA34A981B42E0B50002A6F5 /* reply.png */; };
		EBA34A9B1B42E0BC0002A6F5 /* retweet.png in Resources */ = {isa = PBXBuildFile; fileRef = EBA34A9A1B42E0BC0002A6F5 /* retweet.png */; };
		EBA3DDF21B43ADFA005B679F /* NewTweetViewController.m in Sources */ = {isa = PBXBuildFile; fileRef = EBA3DDF01B43ADFA005B679F /* NewTweetViewController.m */; };
		EBA3DDF31B43ADFA005B679F /* NewTweetViewController.xib in Resources */ = {isa = PBXBuildFile; fileRef = EBA3DDF11B43ADFA005B679F /* NewTweetViewController.xib */; };
		EBA3DDF71B43C383005B679F /* TweetDetailsViewController.m in Sources */ = {isa = PBXBuildFile; fileRef = EBA3DDF51B43C383005B679F /* TweetDetailsViewController.m */; };
		EBA3DDF81B43C383005B679F /* TweetDetailsViewController.xib in Resources */ = {isa = PBXBuildFile; fileRef = EBA3DDF61B43C383005B679F /* TweetDetailsViewController.xib */; };
		EBA3DDFA1B43D9AE005B679F /* retweet_on.png in Resources */ = {isa = PBXBuildFile; fileRef = EBA3DDF91B43D9AE005B679F /* retweet_on.png */; };
		EBA3DDFC1B43D9B8005B679F /* favorite_on.png in Resources */ = {isa = PBXBuildFile; fileRef = EBA3DDFB1B43D9B8005B679F /* favorite_on.png */; };
		EBDC32FF1B48C3DC00B19493 /* SideMenuViewController.m in Sources */ = {isa = PBXBuildFile; fileRef = EBDC32FD1B48C3DC00B19493 /* SideMenuViewController.m */; };
		EBDC33001B48C3DC00B19493 /* SideMenuViewController.xib in Resources */ = {isa = PBXBuildFile; fileRef = EBDC32FE1B48C3DC00B19493 /* SideMenuViewController.xib */; };
		EBDC33041B48C81A00B19493 /* MentionsViewController.m in Sources */ = {isa = PBXBuildFile; fileRef = EBDC33021B48C81A00B19493 /* MentionsViewController.m */; };
		EBDC33051B48C81A00B19493 /* MentionsViewController.xib in Resources */ = {isa = PBXBuildFile; fileRef = EBDC33031B48C81A00B19493 /* MentionsViewController.xib */; };
		EBDC33091B48C83100B19493 /* ProfileViewController.m in Sources */ = {isa = PBXBuildFile; fileRef = EBDC33071B48C83100B19493 /* ProfileViewController.m */; };
		EBDC330A1B48C83100B19493 /* ProfileViewController.xib in Resources */ = {isa = PBXBuildFile; fileRef = EBDC33081B48C83100B19493 /* ProfileViewController.xib */; };
		EBDC330E1B48CA4100B19493 /* MenuViewController.m in Sources */ = {isa = PBXBuildFile; fileRef = EBDC330C1B48CA4100B19493 /* MenuViewController.m */; };
		EBDC330F1B48CA4100B19493 /* MenuViewController.xib in Resources */ = {isa = PBXBuildFile; fileRef = EBDC330D1B48CA4100B19493 /* MenuViewController.xib */; };
		EBDC33131B48CA6600B19493 /* ContentViewController.m in Sources */ = {isa = PBXBuildFile; fileRef = EBDC33111B48CA6600B19493 /* ContentViewController.m */; };
		EBDC33141B48CA6600B19493 /* ContentViewController.xib in Resources */ = {isa = PBXBuildFile; fileRef = EBDC33121B48CA6600B19493 /* ContentViewController.xib */; };
/* End PBXBuildFile section */

/* Begin PBXContainerItemProxy section */
		EB4AAF871B404B55001BA986 /* PBXContainerItemProxy */ = {
			isa = PBXContainerItemProxy;
			containerPortal = EB4AAF621B404B55001BA986 /* Project object */;
			proxyType = 1;
			remoteGlobalIDString = EB4AAF691B404B55001BA986;
			remoteInfo = twitter;
		};
/* End PBXContainerItemProxy section */

/* Begin PBXFileReference section */
		E79E931ED3C1FD5A14FE73B5 /* libPods-twitter.a */ = {isa = PBXFileReference; explicitFileType = archive.ar; includeInIndex = 0; path = "libPods-twitter.a"; sourceTree = BUILT_PRODUCTS_DIR; };
		EB4AAF6A1B404B55001BA986 /* twitter.app */ = {isa = PBXFileReference; explicitFileType = wrapper.application; includeInIndex = 0; path = twitter.app; sourceTree = BUILT_PRODUCTS_DIR; };
		EB4AAF6E1B404B55001BA986 /* Info.plist */ = {isa = PBXFileReference; lastKnownFileType = text.plist.xml; path = Info.plist; sourceTree = "<group>"; };
		EB4AAF6F1B404B55001BA986 /* main.m */ = {isa = PBXFileReference; lastKnownFileType = sourcecode.c.objc; path = main.m; sourceTree = "<group>"; };
		EB4AAF711B404B55001BA986 /* AppDelegate.h */ = {isa = PBXFileReference; lastKnownFileType = sourcecode.c.h; path = AppDelegate.h; sourceTree = "<group>"; };
		EB4AAF721B404B55001BA986 /* AppDelegate.m */ = {isa = PBXFileReference; lastKnownFileType = sourcecode.c.objc; path = AppDelegate.m; sourceTree = "<group>"; };
		EB4AAF751B404B55001BA986 /* twitter.xcdatamodel */ = {isa = PBXFileReference; lastKnownFileType = wrapper.xcdatamodel; path = twitter.xcdatamodel; sourceTree = "<group>"; };
		EB4AAF7D1B404B55001BA986 /* Images.xcassets */ = {isa = PBXFileReference; lastKnownFileType = folder.assetcatalog; path = Images.xcassets; sourceTree = "<group>"; };
		EB4AAF801B404B55001BA986 /* Base */ = {isa = PBXFileReference; lastKnownFileType = file.xib; name = Base; path = Base.lproj/LaunchScreen.xib; sourceTree = "<group>"; };
		EB4AAF861B404B55001BA986 /* twitterTests.xctest */ = {isa = PBXFileReference; explicitFileType = wrapper.cfbundle; includeInIndex = 0; path = twitterTests.xctest; sourceTree = BUILT_PRODUCTS_DIR; };
		EB4AAF8B1B404B55001BA986 /* Info.plist */ = {isa = PBXFileReference; lastKnownFileType = text.plist.xml; path = Info.plist; sourceTree = "<group>"; };
		EB4AAF8C1B404B55001BA986 /* twitterTests.m */ = {isa = PBXFileReference; lastKnownFileType = sourcecode.c.objc; path = twitterTests.m; sourceTree = "<group>"; };
		EB4AAF961B405343001BA986 /* LoginViewController.h */ = {isa = PBXFileReference; fileEncoding = 4; lastKnownFileType = sourcecode.c.h; path = LoginViewController.h; sourceTree = "<group>"; };
		EB4AAF971B405343001BA986 /* LoginViewController.m */ = {isa = PBXFileReference; fileEncoding = 4; lastKnownFileType = sourcecode.c.objc; path = LoginViewController.m; sourceTree = "<group>"; };
		EB4AAF981B405343001BA986 /* LoginViewController.xib */ = {isa = PBXFileReference; fileEncoding = 4; lastKnownFileType = file.xib; path = LoginViewController.xib; sourceTree = "<group>"; };
		EB4AAF9B1B4054A5001BA986 /* TwitterClient.h */ = {isa = PBXFileReference; fileEncoding = 4; lastKnownFileType = sourcecode.c.h; path = TwitterClient.h; sourceTree = "<group>"; };
		EB4AAF9C1B4054A5001BA986 /* TwitterClient.m */ = {isa = PBXFileReference; fileEncoding = 4; lastKnownFileType = sourcecode.c.objc; path = TwitterClient.m; sourceTree = "<group>"; };
		EB4AAF9F1B411235001BA986 /* Tweet.h */ = {isa = PBXFileReference; fileEncoding = 4; lastKnownFileType = sourcecode.c.h; path = Tweet.h; sourceTree = "<group>"; };
		EB4AAFA01B411235001BA986 /* Tweet.m */ = {isa = PBXFileReference; fileEncoding = 4; lastKnownFileType = sourcecode.c.objc; path = Tweet.m; sourceTree = "<group>"; };
		EB4AAFA21B411245001BA986 /* User.h */ = {isa = PBXFileReference; fileEncoding = 4; lastKnownFileType = sourcecode.c.h; path = User.h; sourceTree = "<group>"; };
		EB4AAFA31B411245001BA986 /* User.m */ = {isa = PBXFileReference; fileEncoding = 4; lastKnownFileType = sourcecode.c.objc; path = User.m; sourceTree = "<group>"; };
		EB4AAFA51B417375001BA986 /* TweetsViewController.h */ = {isa = PBXFileReference; fileEncoding = 4; lastKnownFileType = sourcecode.c.h; path = TweetsViewController.h; sourceTree = "<group>"; };
		EB4AAFA61B417375001BA986 /* TweetsViewController.m */ = {isa = PBXFileReference; fileEncoding = 4; lastKnownFileType = sourcecode.c.objc; path = TweetsViewController.m; sourceTree = "<group>"; };
		EB4AAFA71B417375001BA986 /* TweetsViewController.xib */ = {isa = PBXFileReference; fileEncoding = 4; lastKnownFileType = file.xib; path = TweetsViewController.xib; sourceTree = "<group>"; };
		EB4AAFAA1B41D076001BA986 /* TweetsTableViewCell.h */ = {isa = PBXFileReference; fileEncoding = 4; lastKnownFileType = sourcecode.c.h; path = TweetsTableViewCell.h; sourceTree = "<group>"; };
		EB4AAFAB1B41D076001BA986 /* TweetsTableViewCell.m */ = {isa = PBXFileReference; fileEncoding = 4; lastKnownFileType = sourcecode.c.objc; path = TweetsTableViewCell.m; sourceTree = "<group>"; };
		EB4AAFAC1B41D076001BA986 /* TweetsTableViewCell.xib */ = {isa = PBXFileReference; fileEncoding = 4; lastKnownFileType = file.xib; path = TweetsTableViewCell.xib; sourceTree = "<group>"; };
		EBA34A961B42E0AB0002A6F5 /* favorite.png */ = {isa = PBXFileReference; lastKnownFileType = image.png; path = favorite.png; sourceTree = "<group>"; };
		EBA34A981B42E0B50002A6F5 /* reply.png */ = {isa = PBXFileReference; lastKnownFileType = image.png; path = reply.png; sourceTree = "<group>"; };
		EBA34A9A1B42E0BC0002A6F5 /* retweet.png */ = {isa = PBXFileReference; lastKnownFileType = image.png; path = retweet.png; sourceTree = "<group>"; };
		EBA3DDEF1B43ADFA005B679F /* NewTweetViewController.h */ = {isa = PBXFileReference; fileEncoding = 4; lastKnownFileType = sourcecode.c.h; path = NewTweetViewController.h; sourceTree = "<group>"; };
		EBA3DDF01B43ADFA005B679F /* NewTweetViewController.m */ = {isa = PBXFileReference; fileEncoding = 4; lastKnownFileType = sourcecode.c.objc; path = NewTweetViewController.m; sourceTree = "<group>"; };
		EBA3DDF11B43ADFA005B679F /* NewTweetViewController.xib */ = {isa = PBXFileReference; fileEncoding = 4; lastKnownFileType = file.xib; path = NewTweetViewController.xib; sourceTree = "<group>"; };
		EBA3DDF41B43C383005B679F /* TweetDetailsViewController.h */ = {isa = PBXFileReference; fileEncoding = 4; lastKnownFileType = sourcecode.c.h; name = TweetDetailsViewController.h; path = ../TweetDetailsViewController.h; sourceTree = "<group>"; };
		EBA3DDF51B43C383005B679F /* TweetDetailsViewController.m */ = {isa = PBXFileReference; fileEncoding = 4; lastKnownFileType = sourcecode.c.objc; name = TweetDetailsViewController.m; path = ../TweetDetailsViewController.m; sourceTree = "<group>"; };
		EBA3DDF61B43C383005B679F /* TweetDetailsViewController.xib */ = {isa = PBXFileReference; fileEncoding = 4; lastKnownFileType = file.xib; name = TweetDetailsViewController.xib; path = ../TweetDetailsViewController.xib; sourceTree = "<group>"; };
		EBA3DDF91B43D9AE005B679F /* retweet_on.png */ = {isa = PBXFileReference; lastKnownFileType = image.png; path = retweet_on.png; sourceTree = "<group>"; };
		EBA3DDFB1B43D9B8005B679F /* favorite_on.png */ = {isa = PBXFileReference; lastKnownFileType = image.png; path = favorite_on.png; sourceTree = "<group>"; };
		EBDC32FC1B48C3DC00B19493 /* SideMenuViewController.h */ = {isa = PBXFileReference; fileEncoding = 4; lastKnownFileType = sourcecode.c.h; path = SideMenuViewController.h; sourceTree = "<group>"; };
		EBDC32FD1B48C3DC00B19493 /* SideMenuViewController.m */ = {isa = PBXFileReference; fileEncoding = 4; lastKnownFileType = sourcecode.c.objc; path = SideMenuViewController.m; sourceTree = "<group>"; };
		EBDC32FE1B48C3DC00B19493 /* SideMenuViewController.xib */ = {isa = PBXFileReference; fileEncoding = 4; lastKnownFileType = file.xib; path = SideMenuViewController.xib; sourceTree = "<group>"; };
		EBDC33011B48C81A00B19493 /* MentionsViewController.h */ = {isa = PBXFileReference; fileEncoding = 4; lastKnownFileType = sourcecode.c.h; name = MentionsViewController.h; path = ../MentionsViewController.h; sourceTree = "<group>"; };
		EBDC33021B48C81A00B19493 /* MentionsViewController.m */ = {isa = PBXFileReference; fileEncoding = 4; lastKnownFileType = sourcecode.c.objc; name = MentionsViewController.m; path = ../MentionsViewController.m; sourceTree = "<group>"; };
		EBDC33031B48C81A00B19493 /* MentionsViewController.xib */ = {isa = PBXFileReference; fileEncoding = 4; lastKnownFileType = file.xib; name = MentionsViewController.xib; path = ../MentionsViewController.xib; sourceTree = "<group>"; };
		EBDC33061B48C83100B19493 /* ProfileViewController.h */ = {isa = PBXFileReference; fileEncoding = 4; lastKnownFileType = sourcecode.c.h; path = ProfileViewController.h; sourceTree = "<group>"; };
		EBDC33071B48C83100B19493 /* ProfileViewController.m */ = {isa = PBXFileReference; fileEncoding = 4; lastKnownFileType = sourcecode.c.objc; path = ProfileViewController.m; sourceTree = "<group>"; };
		EBDC33081B48C83100B19493 /* ProfileViewController.xib */ = {isa = PBXFileReference; fileEncoding = 4; lastKnownFileType = file.xib; path = ProfileViewController.xib; sourceTree = "<group>"; };
		EBDC330B1B48CA4100B19493 /* MenuViewController.h */ = {isa = PBXFileReference; fileEncoding = 4; lastKnownFileType = sourcecode.c.h; name = MenuViewController.h; path = ../MenuViewController.h; sourceTree = "<group>"; };
		EBDC330C1B48CA4100B19493 /* MenuViewController.m */ = {isa = PBXFileReference; fileEncoding = 4; lastKnownFileType = sourcecode.c.objc; name = MenuViewController.m; path = ../MenuViewController.m; sourceTree = "<group>"; };
		EBDC330D1B48CA4100B19493 /* MenuViewController.xib */ = {isa = PBXFileReference; fileEncoding = 4; lastKnownFileType = file.xib; name = MenuViewController.xib; path = ../MenuViewController.xib; sourceTree = "<group>"; };
		EBDC33101B48CA6600B19493 /* ContentViewController.h */ = {isa = PBXFileReference; fileEncoding = 4; lastKnownFileType = sourcecode.c.h; path = ContentViewController.h; sourceTree = "<group>"; };
		EBDC33111B48CA6600B19493 /* ContentViewController.m */ = {isa = PBXFileReference; fileEncoding = 4; lastKnownFileType = sourcecode.c.objc; path = ContentViewController.m; sourceTree = "<group>"; };
		EBDC33121B48CA6600B19493 /* ContentViewController.xib */ = {isa = PBXFileReference; fileEncoding = 4; lastKnownFileType = file.xib; path = ContentViewController.xib; sourceTree = "<group>"; };
		F2A501A7AD8E181FD6B62C11 /* Pods-twitter.release.xcconfig */ = {isa = PBXFileReference; includeInIndex = 1; lastKnownFileType = text.xcconfig; name = "Pods-twitter.release.xcconfig"; path = "Pods/Target Support Files/Pods-twitter/Pods-twitter.release.xcconfig"; sourceTree = "<group>"; };
		F70D5F81FD9CCD23519C4DBF /* Pods-twitter.debug.xcconfig */ = {isa = PBXFileReference; includeInIndex = 1; lastKnownFileType = text.xcconfig; name = "Pods-twitter.debug.xcconfig"; path = "Pods/Target Support Files/Pods-twitter/Pods-twitter.debug.xcconfig"; sourceTree = "<group>"; };
/* End PBXFileReference section */

/* Begin PBXFrameworksBuildPhase section */
		EB4AAF671B404B55001BA986 /* Frameworks */ = {
			isa = PBXFrameworksBuildPhase;
			buildActionMask = 2147483647;
			files = (
				C5AB13AE1EBA94011A3485E2 /* libPods-twitter.a in Frameworks */,
			);
			runOnlyForDeploymentPostprocessing = 0;
		};
		EB4AAF831B404B55001BA986 /* Frameworks */ = {
			isa = PBXFrameworksBuildPhase;
			buildActionMask = 2147483647;
			files = (
			);
			runOnlyForDeploymentPostprocessing = 0;
		};
/* End PBXFrameworksBuildPhase section */

/* Begin PBXGroup section */
		8F038A8D0F50CD23EF3750AC /* Frameworks */ = {
			isa = PBXGroup;
			children = (
				E79E931ED3C1FD5A14FE73B5 /* libPods-twitter.a */,
			);
			name = Frameworks;
			sourceTree = "<group>";
		};
		DD8211E8A1A303A0B66273E4 /* Pods */ = {
			isa = PBXGroup;
			children = (
				F70D5F81FD9CCD23519C4DBF /* Pods-twitter.debug.xcconfig */,
				F2A501A7AD8E181FD6B62C11 /* Pods-twitter.release.xcconfig */,
			);
			name = Pods;
			sourceTree = "<group>";
		};
		EB4AAF611B404B55001BA986 = {
			isa = PBXGroup;
			children = (
				EB4AAF6C1B404B55001BA986 /* twitter */,
				EB4AAF891B404B55001BA986 /* twitterTests */,
				EB4AAF6B1B404B55001BA986 /* Products */,
				DD8211E8A1A303A0B66273E4 /* Pods */,
				8F038A8D0F50CD23EF3750AC /* Frameworks */,
			);
			sourceTree = "<group>";
		};
		EB4AAF6B1B404B55001BA986 /* Products */ = {
			isa = PBXGroup;
			children = (
				EB4AAF6A1B404B55001BA986 /* twitter.app */,
				EB4AAF861B404B55001BA986 /* twitterTests.xctest */,
			);
			name = Products;
			sourceTree = "<group>";
		};
		EB4AAF6C1B404B55001BA986 /* twitter */ = {
			isa = PBXGroup;
			children = (
				EBDC330B1B48CA4100B19493 /* MenuViewController.h */,
				EBDC330C1B48CA4100B19493 /* MenuViewController.m */,
				EBDC330D1B48CA4100B19493 /* MenuViewController.xib */,
				EBDC33011B48C81A00B19493 /* MentionsViewController.h */,
				EBDC33021B48C81A00B19493 /* MentionsViewController.m */,
				EBDC33031B48C81A00B19493 /* MentionsViewController.xib */,
				EBA3DDF41B43C383005B679F /* TweetDetailsViewController.h */,
				EBA3DDF51B43C383005B679F /* TweetDetailsViewController.m */,
				EBA3DDF61B43C383005B679F /* TweetDetailsViewController.xib */,
				EBA34A961B42E0AB0002A6F5 /* favorite.png */,
				EBA3DDFB1B43D9B8005B679F /* favorite_on.png */,
				EBA34A981B42E0B50002A6F5 /* reply.png */,
				EBA34A9A1B42E0BC0002A6F5 /* retweet.png */,
				EBA3DDF91B43D9AE005B679F /* retweet_on.png */,
				EB4AAF9E1B4111FF001BA986 /* Model */,
				EB4AAF961B405343001BA986 /* LoginViewController.h */,
				EB4AAF971B405343001BA986 /* LoginViewController.m */,
				EB4AAF981B405343001BA986 /* LoginViewController.xib */,
				EB4AAF711B404B55001BA986 /* AppDelegate.h */,
				EB4AAF721B404B55001BA986 /* AppDelegate.m */,
				EB4AAF7D1B404B55001BA986 /* Images.xcassets */,
				EB4AAF7F1B404B55001BA986 /* LaunchScreen.xib */,
				EB4AAF741B404B55001BA986 /* twitter.xcdatamodeld */,
				EB4AAF6D1B404B55001BA986 /* Supporting Files */,
				EB4AAF9B1B4054A5001BA986 /* TwitterClient.h */,
				EB4AAF9C1B4054A5001BA986 /* TwitterClient.m */,
				EB4AAFA51B417375001BA986 /* TweetsViewController.h */,
				EB4AAFA61B417375001BA986 /* TweetsViewController.m */,
				EB4AAFA71B417375001BA986 /* TweetsViewController.xib */,
				EB4AAFAA1B41D076001BA986 /* TweetsTableViewCell.h */,
				EB4AAFAB1B41D076001BA986 /* TweetsTableViewCell.m */,
				EB4AAFAC1B41D076001BA986 /* TweetsTableViewCell.xib */,
				EBA3DDEF1B43ADFA005B679F /* NewTweetViewController.h */,
				EBA3DDF01B43ADFA005B679F /* NewTweetViewController.m */,
				EBA3DDF11B43ADFA005B679F /* NewTweetViewController.xib */,
				EBDC32FC1B48C3DC00B19493 /* SideMenuViewController.h */,
				EBDC32FD1B48C3DC00B19493 /* SideMenuViewController.m */,
				EBDC32FE1B48C3DC00B19493 /* SideMenuViewController.xib */,
				EBDC33061B48C83100B19493 /* ProfileViewController.h */,
				EBDC33071B48C83100B19493 /* ProfileViewController.m */,
				EBDC33081B48C83100B19493 /* ProfileViewController.xib */,
				EBDC33101B48CA6600B19493 /* ContentViewController.h */,
				EBDC33111B48CA6600B19493 /* ContentViewController.m */,
				EBDC33121B48CA6600B19493 /* ContentViewController.xib */,
			);
			path = twitter;
			sourceTree = "<group>";
		};
		EB4AAF6D1B404B55001BA986 /* Supporting Files */ = {
			isa = PBXGroup;
			children = (
				EB4AAF6E1B404B55001BA986 /* Info.plist */,
				EB4AAF6F1B404B55001BA986 /* main.m */,
			);
			name = "Supporting Files";
			sourceTree = "<group>";
		};
		EB4AAF891B404B55001BA986 /* twitterTests */ = {
			isa = PBXGroup;
			children = (
				EB4AAF8C1B404B55001BA986 /* twitterTests.m */,
				EB4AAF8A1B404B55001BA986 /* Supporting Files */,
			);
			path = twitterTests;
			sourceTree = "<group>";
		};
		EB4AAF8A1B404B55001BA986 /* Supporting Files */ = {
			isa = PBXGroup;
			children = (
				EB4AAF8B1B404B55001BA986 /* Info.plist */,
			);
			name = "Supporting Files";
			sourceTree = "<group>";
		};
		EB4AAF9E1B4111FF001BA986 /* Model */ = {
			isa = PBXGroup;
			children = (
				EB4AAF9F1B411235001BA986 /* Tweet.h */,
				EB4AAFA01B411235001BA986 /* Tweet.m */,
				EB4AAFA21B411245001BA986 /* User.h */,
				EB4AAFA31B411245001BA986 /* User.m */,
			);
			name = Model;
			sourceTree = "<group>";
		};
/* End PBXGroup section */

/* Begin PBXNativeTarget section */
		EB4AAF691B404B55001BA986 /* twitter */ = {
			isa = PBXNativeTarget;
			buildConfigurationList = EB4AAF901B404B55001BA986 /* Build configuration list for PBXNativeTarget "twitter" */;
			buildPhases = (
				677D379CE9EB8E4AAC1063A8 /* Check Pods Manifest.lock */,
				EB4AAF661B404B55001BA986 /* Sources */,
				EB4AAF671B404B55001BA986 /* Frameworks */,
				EB4AAF681B404B55001BA986 /* Resources */,
				CC9089901F9421C555D62840 /* Copy Pods Resources */,
			);
			buildRules = (
			);
			dependencies = (
			);
			name = twitter;
			productName = twitter;
			productReference = EB4AAF6A1B404B55001BA986 /* twitter.app */;
			productType = "com.apple.product-type.application";
		};
		EB4AAF851B404B55001BA986 /* twitterTests */ = {
			isa = PBXNativeTarget;
			buildConfigurationList = EB4AAF931B404B55001BA986 /* Build configuration list for PBXNativeTarget "twitterTests" */;
			buildPhases = (
				EB4AAF821B404B55001BA986 /* Sources */,
				EB4AAF831B404B55001BA986 /* Frameworks */,
				EB4AAF841B404B55001BA986 /* Resources */,
			);
			buildRules = (
			);
			dependencies = (
				EB4AAF881B404B55001BA986 /* PBXTargetDependency */,
			);
			name = twitterTests;
			productName = twitterTests;
			productReference = EB4AAF861B404B55001BA986 /* twitterTests.xctest */;
			productType = "com.apple.product-type.bundle.unit-test";
		};
/* End PBXNativeTarget section */

/* Begin PBXProject section */
		EB4AAF621B404B55001BA986 /* Project object */ = {
			isa = PBXProject;
			attributes = {
				LastUpgradeCheck = 0620;
				ORGANIZATIONNAME = gdhuang;
				TargetAttributes = {
					EB4AAF691B404B55001BA986 = {
						CreatedOnToolsVersion = 6.2;
					};
					EB4AAF851B404B55001BA986 = {
						CreatedOnToolsVersion = 6.2;
						TestTargetID = EB4AAF691B404B55001BA986;
					};
				};
			};
			buildConfigurationList = EB4AAF651B404B55001BA986 /* Build configuration list for PBXProject "twitter" */;
			compatibilityVersion = "Xcode 3.2";
			developmentRegion = English;
			hasScannedForEncodings = 0;
			knownRegions = (
				en,
				Base,
			);
			mainGroup = EB4AAF611B404B55001BA986;
			productRefGroup = EB4AAF6B1B404B55001BA986 /* Products */;
			projectDirPath = "";
			projectRoot = "";
			targets = (
				EB4AAF691B404B55001BA986 /* twitter */,
				EB4AAF851B404B55001BA986 /* twitterTests */,
			);
		};
/* End PBXProject section */

/* Begin PBXResourcesBuildPhase section */
		EB4AAF681B404B55001BA986 /* Resources */ = {
			isa = PBXResourcesBuildPhase;
			buildActionMask = 2147483647;
			files = (
				EB4AAFA91B417375001BA986 /* TweetsViewController.xib in Resources */,
				EBA34A971B42E0AB0002A6F5 /* favorite.png in Resources */,
				EBA3DDFA1B43D9AE005B679F /* retweet_on.png in Resources */,
				EBDC330A1B48C83100B19493 /* ProfileViewController.xib in Resources */,
				EB4AAF811B404B55001BA986 /* LaunchScreen.xib in Resources */,
				EBDC33141B48CA6600B19493 /* ContentViewController.xib in Resources */,
				EBA3DDF81B43C383005B679F /* TweetDetailsViewController.xib in Resources */,
				EBA3DDF31B43ADFA005B679F /* NewTweetViewController.xib in Resources */,
				EB4AAFAE1B41D076001BA986 /* TweetsTableViewCell.xib in Resources */,
				EB4AAF7E1B404B55001BA986 /* Images.xcassets in Resources */,
				EBA34A991B42E0B50002A6F5 /* reply.png in Resources */,
				EBA34A9B1B42E0BC0002A6F5 /* retweet.png in Resources */,
				EBDC330F1B48CA4100B19493 /* MenuViewController.xib in Resources */,
				EBA3DDFC1B43D9B8005B679F /* favorite_on.png in Resources */,
				EBDC33001B48C3DC00B19493 /* SideMenuViewController.xib in Resources */,
				EB4AAF9A1B405343001BA986 /* LoginViewController.xib in Resources */,
				EBDC33051B48C81A00B19493 /* MentionsViewController.xib in Resources */,
			);
			runOnlyForDeploymentPostprocessing = 0;
		};
		EB4AAF841B404B55001BA986 /* Resources */ = {
			isa = PBXResourcesBuildPhase;
			buildActionMask = 2147483647;
			files = (
			);
			runOnlyForDeploymentPostprocessing = 0;
		};
/* End PBXResourcesBuildPhase section */

/* Begin PBXShellScriptBuildPhase section */
		677D379CE9EB8E4AAC1063A8 /* Check Pods Manifest.lock */ = {
			isa = PBXShellScriptBuildPhase;
			buildActionMask = 2147483647;
			files = (
			);
			inputPaths = (
			);
			name = "Check Pods Manifest.lock";
			outputPaths = (
			);
			runOnlyForDeploymentPostprocessing = 0;
			shellPath = /bin/sh;
			shellScript = "diff \"${PODS_ROOT}/../Podfile.lock\" \"${PODS_ROOT}/Manifest.lock\" > /dev/null\nif [[ $? != 0 ]] ; then\n    cat << EOM\nerror: The sandbox is not in sync with the Podfile.lock. Run 'pod install' or update your CocoaPods installation.\nEOM\n    exit 1\nfi\n";
			showEnvVarsInLog = 0;
		};
		CC9089901F9421C555D62840 /* Copy Pods Resources */ = {
			isa = PBXShellScriptBuildPhase;
			buildActionMask = 2147483647;
			files = (
			);
			inputPaths = (
			);
			name = "Copy Pods Resources";
			outputPaths = (
			);
			runOnlyForDeploymentPostprocessing = 0;
			shellPath = /bin/sh;
			shellScript = "\"${SRCROOT}/Pods/Target Support Files/Pods-twitter/Pods-twitter-resources.sh\"\n";
			showEnvVarsInLog = 0;
		};
/* End PBXShellScriptBuildPhase section */

/* Begin PBXSourcesBuildPhase section */
		EB4AAF661B404B55001BA986 /* Sources */ = {
			isa = PBXSourcesBuildPhase;
			buildActionMask = 2147483647;
			files = (
				EBDC32FF1B48C3DC00B19493 /* SideMenuViewController.m in Sources */,
				EB4AAF991B405343001BA986 /* LoginViewController.m in Sources */,
				EBDC33041B48C81A00B19493 /* MentionsViewController.m in Sources */,
				EB4AAFA41B411245001BA986 /* User.m in Sources */,
				EBDC330E1B48CA4100B19493 /* MenuViewController.m in Sources */,
				EBDC33091B48C83100B19493 /* ProfileViewController.m in Sources */,
				EB4AAF731B404B55001BA986 /* AppDelegate.m in Sources */,
				EBA3DDF71B43C383005B679F /* TweetDetailsViewController.m in Sources */,
				EB4AAF9D1B4054A5001BA986 /* TwitterClient.m in Sources */,
				EB4AAFA81B417375001BA986 /* TweetsViewController.m in Sources */,
				EB4AAFA11B411235001BA986 /* Tweet.m in Sources */,
				EB4AAF701B404B55001BA986 /* main.m in Sources */,
				EBDC33131B48CA6600B19493 /* ContentViewController.m in Sources */,
				EB4AAFAD1B41D076001BA986 /* TweetsTableViewCell.m in Sources */,
				EB4AAF761B404B55001BA986 /* twitter.xcdatamodeld in Sources */,
				EBA3DDF21B43ADFA005B679F /* NewTweetViewController.m in Sources */,
			);
			runOnlyForDeploymentPostprocessing = 0;
		};
		EB4AAF821B404B55001BA986 /* Sources */ = {
			isa = PBXSourcesBuildPhase;
			buildActionMask = 2147483647;
			files = (
				EB4AAF8D1B404B55001BA986 /* twitterTests.m in Sources */,
			);
			runOnlyForDeploymentPostprocessing = 0;
		};
/* End PBXSourcesBuildPhase section */

/* Begin PBXTargetDependency section */
		EB4AAF881B404B55001BA986 /* PBXTargetDependency */ = {
			isa = PBXTargetDependency;
			target = EB4AAF691B404B55001BA986 /* twitter */;
			targetProxy = EB4AAF871B404B55001BA986 /* PBXContainerItemProxy */;
		};
/* End PBXTargetDependency section */

/* Begin PBXVariantGroup section */
		EB4AAF7F1B404B55001BA986 /* LaunchScreen.xib */ = {
			isa = PBXVariantGroup;
			children = (
				EB4AAF801B404B55001BA986 /* Base */,
			);
			name = LaunchScreen.xib;
			sourceTree = "<group>";
		};
/* End PBXVariantGroup section */

/* Begin XCBuildConfiguration section */
		EB4AAF8E1B404B55001BA986 /* Debug */ = {
			isa = XCBuildConfiguration;
			buildSettings = {
				ALWAYS_SEARCH_USER_PATHS = NO;
				CLANG_CXX_LANGUAGE_STANDARD = "gnu++0x";
				CLANG_CXX_LIBRARY = "libc++";
				CLANG_ENABLE_MODULES = YES;
				CLANG_ENABLE_OBJC_ARC = YES;
				CLANG_WARN_BOOL_CONVERSION = YES;
				CLANG_WARN_CONSTANT_CONVERSION = YES;
				CLANG_WARN_DIRECT_OBJC_ISA_USAGE = YES_ERROR;
				CLANG_WARN_EMPTY_BODY = YES;
				CLANG_WARN_ENUM_CONVERSION = YES;
				CLANG_WARN_INT_CONVERSION = YES;
				CLANG_WARN_OBJC_ROOT_CLASS = YES_ERROR;
				CLANG_WARN_UNREACHABLE_CODE = YES;
				CLANG_WARN__DUPLICATE_METHOD_MATCH = YES;
				"CODE_SIGN_IDENTITY[sdk=iphoneos*]" = "iPhone Developer";
				COPY_PHASE_STRIP = NO;
				ENABLE_STRICT_OBJC_MSGSEND = YES;
				GCC_C_LANGUAGE_STANDARD = gnu99;
				GCC_DYNAMIC_NO_PIC = NO;
				GCC_OPTIMIZATION_LEVEL = 0;
				GCC_PREPROCESSOR_DEFINITIONS = (
					"DEBUG=1",
					"$(inherited)",
				);
				GCC_SYMBOLS_PRIVATE_EXTERN = NO;
				GCC_WARN_64_TO_32_BIT_CONVERSION = YES;
				GCC_WARN_ABOUT_RETURN_TYPE = YES_ERROR;
				GCC_WARN_UNDECLARED_SELECTOR = YES;
				GCC_WARN_UNINITIALIZED_AUTOS = YES_AGGRESSIVE;
				GCC_WARN_UNUSED_FUNCTION = YES;
				GCC_WARN_UNUSED_VARIABLE = YES;
				IPHONEOS_DEPLOYMENT_TARGET = 8.2;
				MTL_ENABLE_DEBUG_INFO = YES;
				ONLY_ACTIVE_ARCH = YES;
				SDKROOT = iphoneos;
			};
			name = Debug;
		};
		EB4AAF8F1B404B55001BA986 /* Release */ = {
			isa = XCBuildConfiguration;
			buildSettings = {
				ALWAYS_SEARCH_USER_PATHS = NO;
				CLANG_CXX_LANGUAGE_STANDARD = "gnu++0x";
				CLANG_CXX_LIBRARY = "libc++";
				CLANG_ENABLE_MODULES = YES;
				CLANG_ENABLE_OBJC_ARC = YES;
				CLANG_WARN_BOOL_CONVERSION = YES;
				CLANG_WARN_CONSTANT_CONVERSION = YES;
				CLANG_WARN_DIRECT_OBJC_ISA_USAGE = YES_ERROR;
				CLANG_WARN_EMPTY_BODY = YES;
				CLANG_WARN_ENUM_CONVERSION = YES;
				CLANG_WARN_INT_CONVERSION = YES;
				CLANG_WARN_OBJC_ROOT_CLASS = YES_ERROR;
				CLANG_WARN_UNREACHABLE_CODE = YES;
				CLANG_WARN__DUPLICATE_METHOD_MATCH = YES;
				"CODE_SIGN_IDENTITY[sdk=iphoneos*]" = "iPhone Developer";
				COPY_PHASE_STRIP = NO;
				ENABLE_NS_ASSERTIONS = NO;
				ENABLE_STRICT_OBJC_MSGSEND = YES;
				GCC_C_LANGUAGE_STANDARD = gnu99;
				GCC_WARN_64_TO_32_BIT_CONVERSION = YES;
				GCC_WARN_ABOUT_RETURN_TYPE = YES_ERROR;
				GCC_WARN_UNDECLARED_SELECTOR = YES;
				GCC_WARN_UNINITIALIZED_AUTOS = YES_AGGRESSIVE;
				GCC_WARN_UNUSED_FUNCTION = YES;
				GCC_WARN_UNUSED_VARIABLE = YES;
				IPHONEOS_DEPLOYMENT_TARGET = 8.2;
				MTL_ENABLE_DEBUG_INFO = NO;
				SDKROOT = iphoneos;
				VALIDATE_PRODUCT = YES;
			};
			name = Release;
		};
		EB4AAF911B404B55001BA986 /* Debug */ = {
			isa = XCBuildConfiguration;
			baseConfigurationReference = F70D5F81FD9CCD23519C4DBF /* Pods-twitter.debug.xcconfig */;
			buildSettings = {
				ASSETCATALOG_COMPILER_APPICON_NAME = AppIcon;
				INFOPLIST_FILE = twitter/Info.plist;
				LD_RUNPATH_SEARCH_PATHS = "$(inherited) @executable_path/Frameworks";
				PRODUCT_NAME = "$(TARGET_NAME)";
			};
			name = Debug;
		};
		EB4AAF921B404B55001BA986 /* Release */ = {
			isa = XCBuildConfiguration;
			baseConfigurationReference = F2A501A7AD8E181FD6B62C11 /* Pods-twitter.release.xcconfig */;
			buildSettings = {
				ASSETCATALOG_COMPILER_APPICON_NAME = AppIcon;
				INFOPLIST_FILE = twitter/Info.plist;
				LD_RUNPATH_SEARCH_PATHS = "$(inherited) @executable_path/Frameworks";
				PRODUCT_NAME = "$(TARGET_NAME)";
			};
			name = Release;
		};
		EB4AAF941B404B55001BA986 /* Debug */ = {
			isa = XCBuildConfiguration;
			buildSettings = {
				BUNDLE_LOADER = "$(TEST_HOST)";
				FRAMEWORK_SEARCH_PATHS = (
					"$(SDKROOT)/Developer/Library/Frameworks",
					"$(inherited)",
				);
				GCC_PREPROCESSOR_DEFINITIONS = (
					"DEBUG=1",
					"$(inherited)",
				);
				INFOPLIST_FILE = twitterTests/Info.plist;
				LD_RUNPATH_SEARCH_PATHS = "$(inherited) @executable_path/Frameworks @loader_path/Frameworks";
				PRODUCT_NAME = "$(TARGET_NAME)";
				TEST_HOST = "$(BUILT_PRODUCTS_DIR)/twitter.app/twitter";
			};
			name = Debug;
		};
		EB4AAF951B404B55001BA986 /* Release */ = {
			isa = XCBuildConfiguration;
			buildSettings = {
				BUNDLE_LOADER = "$(TEST_HOST)";
				FRAMEWORK_SEARCH_PATHS = (
					"$(SDKROOT)/Developer/Library/Frameworks",
					"$(inherited)",
				);
				INFOPLIST_FILE = twitterTests/Info.plist;
				LD_RUNPATH_SEARCH_PATHS = "$(inherited) @executable_path/Frameworks @loader_path/Frameworks";
				PRODUCT_NAME = "$(TARGET_NAME)";
				TEST_HOST = "$(BUILT_PRODUCTS_DIR)/twitter.app/twitter";
			};
			name = Release;
		};
/* End XCBuildConfiguration section */

/* Begin XCConfigurationList section */
		EB4AAF651B404B55001BA986 /* Build configuration list for PBXProject "twitter" */ = {
			isa = XCConfigurationList;
			buildConfigurations = (
				EB4AAF8E1B404B55001BA986 /* Debug */,
				EB4AAF8F1B404B55001BA986 /* Release */,
			);
			defaultConfigurationIsVisible = 0;
			defaultConfigurationName = Release;
		};
		EB4AAF901B404B55001BA986 /* Build configuration list for PBXNativeTarget "twitter" */ = {
			isa = XCConfigurationList;
			buildConfigurations = (
				EB4AAF911B404B55001BA986 /* Debug */,
				EB4AAF921B404B55001BA986 /* Release */,
			);
			defaultConfigurationIsVisible = 0;
			defaultConfigurationName = Release;
		};
		EB4AAF931B404B55001BA986 /* Build configuration list for PBXNativeTarget "twitterTests" */ = {
			isa = XCConfigurationList;
			buildConfigurations = (
				EB4AAF941B404B55001BA986 /* Debug */,
				EB4AAF951B404B55001BA986 /* Release */,
			);
			defaultConfigurationIsVisible = 0;
			defaultConfigurationName = Release;
		};
/* End XCConfigurationList section */

/* Begin XCVersionGroup section */
		EB4AAF741B404B55001BA986 /* twitter.xcdatamodeld */ = {
			isa = XCVersionGroup;
			children = (
				EB4AAF751B404B55001BA986 /* twitter.xcdatamodel */,
			);
			currentVersion = EB4AAF751B404B55001BA986 /* twitter.xcdatamodel */;
			path = twitter.xcdatamodeld;
			sourceTree = "<group>";
			versionGroupType = wrapper.xcdatamodel;
		};
/* End XCVersionGroup section */
	};
	rootObject = EB4AAF621B404B55001BA986 /* Project object */;
}
